
Microsoft Visual Studio Solution File, Format Version 12.00
# Visual Studio 15
VisualStudioVersion = 15.0.28307.421
MinimumVisualStudioVersion = 10.0.40219.1
Project("{FAE04EC0-301F-11D3-BF4B-00C04F79EFBC}") = "eziBANK.Android", "eziBANK\eziBANK.Android\eziBANK.Android.csproj", "{2D9FE3F7-12C3-48B3-AC98-84E70C88EC3F}"
EndProject
Project("{FAE04EC0-301F-11D3-BF4B-00C04F79EFBC}") = "eziBANK.iOS", "eziBANK\eziBANK.iOS\eziBANK.iOS.csproj", "{FBBFFF27-84A0-4158-BC72-F9627723C147}"
EndProject
Project("{FAE04EC0-301F-11D3-BF4B-00C04F79EFBC}") = "eziBANK.UWP", "eziBANK\eziBANK.UWP\eziBANK.UWP.csproj", "{04E2207F-4803-4533-87A5-ECF1EB3F5174}"
EndProject
Project("{FAE04EC0-301F-11D3-BF4B-00C04F79EFBC}") = "eziBANK", "eziBANK\eziBANK\eziBANK.csproj", "{63F8C455-6CF2-4B56-8CE9-598B6C8A068A}"
EndProject
Global
	GlobalSection(SolutionConfigurationPlatforms) = preSolution
		Ad-Hoc|Any CPU = Ad-Hoc|Any CPU
		Ad-Hoc|ARM = Ad-Hoc|ARM
		Ad-Hoc|iPhone = Ad-Hoc|iPhone
		Ad-Hoc|iPhoneSimulator = Ad-Hoc|iPhoneSimulator
		Ad-Hoc|x64 = Ad-Hoc|x64
		Ad-Hoc|x86 = Ad-Hoc|x86
		AppStore|Any CPU = AppStore|Any CPU
		AppStore|ARM = AppStore|ARM
		AppStore|iPhone = AppStore|iPhone
		AppStore|iPhoneSimulator = AppStore|iPhoneSimulator
		AppStore|x64 = AppStore|x64
		AppStore|x86 = AppStore|x86
		Debug|Any CPU = Debug|Any CPU
		Debug|ARM = Debug|ARM
		Debug|iPhone = Debug|iPhone
		Debug|iPhoneSimulator = Debug|iPhoneSimulator
		Debug|x64 = Debug|x64
		Debug|x86 = Debug|x86
		Release|Any CPU = Release|Any CPU
		Release|ARM = Release|ARM
		Release|iPhone = Release|iPhone
		Release|iPhoneSimulator = Release|iPhoneSimulator
		Release|x64 = Release|x64
		Release|x86 = Release|x86
	EndGlobalSection
	GlobalSection(ProjectConfigurationPlatforms) = postSolution
		{2D9FE3F7-12C3-48B3-AC98-84E70C88EC3F}.Ad-Hoc|Any CPU.ActiveCfg = Release|Any CPU
		{2D9FE3F7-12C3-48B3-AC98-84E70C88EC3F}.Ad-Hoc|Any CPU.Build.0 = Release|Any CPU
		{2D9FE3F7-12C3-48B3-AC98-84E70C88EC3F}.Ad-Hoc|Any CPU.Deploy.0 = Release|Any CPU
		{2D9FE3F7-12C3-48B3-AC98-84E70C88EC3F}.Ad-Hoc|ARM.ActiveCfg = Release|Any CPU
		{2D9FE3F7-12C3-48B3-AC98-84E70C88EC3F}.Ad-Hoc|ARM.Build.0 = Release|Any CPU
		{2D9FE3F7-12C3-48B3-AC98-84E70C88EC3F}.Ad-Hoc|ARM.Deploy.0 = Release|Any CPU
		{2D9FE3F7-12C3-48B3-AC98-84E70C88EC3F}.Ad-Hoc|iPhone.ActiveCfg = Release|Any CPU
		{2D9FE3F7-12C3-48B3-AC98-84E70C88EC3F}.Ad-Hoc|iPhone.Build.0 = Release|Any CPU
		{2D9FE3F7-12C3-48B3-AC98-84E70C88EC3F}.Ad-Hoc|iPhone.Deploy.0 = Release|Any CPU
		{2D9FE3F7-12C3-48B3-AC98-84E70C88EC3F}.Ad-Hoc|iPhoneSimulator.ActiveCfg = Release|Any CPU
		{2D9FE3F7-12C3-48B3-AC98-84E70C88EC3F}.Ad-Hoc|iPhoneSimulator.Build.0 = Release|Any CPU
		{2D9FE3F7-12C3-48B3-AC98-84E70C88EC3F}.Ad-Hoc|iPhoneSimulator.Deploy.0 = Release|Any CPU
		{2D9FE3F7-12C3-48B3-AC98-84E70C88EC3F}.Ad-Hoc|x64.ActiveCfg = Release|Any CPU
		{2D9FE3F7-12C3-48B3-AC98-84E70C88EC3F}.Ad-Hoc|x64.Build.0 = Release|Any CPU
		{2D9FE3F7-12C3-48B3-AC98-84E70C88EC3F}.Ad-Hoc|x64.Deploy.0 = Release|Any CPU
		{2D9FE3F7-12C3-48B3-AC98-84E70C88EC3F}.Ad-Hoc|x86.ActiveCfg = Release|Any CPU
		{2D9FE3F7-12C3-48B3-AC98-84E70C88EC3F}.Ad-Hoc|x86.Build.0 = Release|Any CPU
		{2D9FE3F7-12C3-48B3-AC98-84E70C88EC3F}.Ad-Hoc|x86.Deploy.0 = Release|Any CPU
		{2D9FE3F7-12C3-48B3-AC98-84E70C88EC3F}.AppStore|Any CPU.ActiveCfg = Release|Any CPU
		{2D9FE3F7-12C3-48B3-AC98-84E70C88EC3F}.AppStore|Any CPU.Build.0 = Release|Any CPU
		{2D9FE3F7-12C3-48B3-AC98-84E70C88EC3F}.AppStore|Any CPU.Deploy.0 = Release|Any CPU
		{2D9FE3F7-12C3-48B3-AC98-84E70C88EC3F}.AppStore|ARM.ActiveCfg = Release|Any CPU
		{2D9FE3F7-12C3-48B3-AC98-84E70C88EC3F}.AppStore|ARM.Build.0 = Release|Any CPU
		{2D9FE3F7-12C3-48B3-AC98-84E70C88EC3F}.AppStore|ARM.Deploy.0 = Release|Any CPU
		{2D9FE3F7-12C3-48B3-AC98-84E70C88EC3F}.AppStore|iPhone.ActiveCfg = Release|Any CPU
		{2D9FE3F7-12C3-48B3-AC98-84E70C88EC3F}.AppStore|iPhone.Build.0 = Release|Any CPU
		{2D9FE3F7-12C3-48B3-AC98-84E70C88EC3F}.AppStore|iPhone.Deploy.0 = Release|Any CPU
		{2D9FE3F7-12C3-48B3-AC98-84E70C88EC3F}.AppStore|iPhoneSimulator.ActiveCfg = Release|Any CPU
		{2D9FE3F7-12C3-48B3-AC98-84E70C88EC3F}.AppStore|iPhoneSimulator.Build.0 = Release|Any CPU
		{2D9FE3F7-12C3-48B3-AC98-84E70C88EC3F}.AppStore|iPhoneSimulator.Deploy.0 = Release|Any CPU
		{2D9FE3F7-12C3-48B3-AC98-84E70C88EC3F}.AppStore|x64.ActiveCfg = Release|Any CPU
		{2D9FE3F7-12C3-48B3-AC98-84E70C88EC3F}.AppStore|x64.Build.0 = Release|Any CPU
		{2D9FE3F7-12C3-48B3-AC98-84E70C88EC3F}.AppStore|x64.Deploy.0 = Release|Any CPU
		{2D9FE3F7-12C3-48B3-AC98-84E70C88EC3F}.AppStore|x86.ActiveCfg = Release|Any CPU
		{2D9FE3F7-12C3-48B3-AC98-84E70C88EC3F}.AppStore|x86.Build.0 = Release|Any CPU
		{2D9FE3F7-12C3-48B3-AC98-84E70C88EC3F}.AppStore|x86.Deploy.0 = Release|Any CPU
		{2D9FE3F7-12C3-48B3-AC98-84E70C88EC3F}.Debug|Any CPU.ActiveCfg = Debug|Any CPU
		{2D9FE3F7-12C3-48B3-AC98-84E70C88EC3F}.Debug|Any CPU.Build.0 = Debug|Any CPU
		{2D9FE3F7-12C3-48B3-AC98-84E70C88EC3F}.Debug|Any CPU.Deploy.0 = Debug|Any CPU
		{2D9FE3F7-12C3-48B3-AC98-84E70C88EC3F}.Debug|ARM.ActiveCfg = Debug|Any CPU
		{2D9FE3F7-12C3-48B3-AC98-84E70C88EC3F}.Debug|ARM.Build.0 = Debug|Any CPU
		{2D9FE3F7-12C3-48B3-AC98-84E70C88EC3F}.Debug|ARM.Deploy.0 = Debug|Any CPU
		{2D9FE3F7-12C3-48B3-AC98-84E70C88EC3F}.Debug|iPhone.ActiveCfg = Debug|Any CPU
		{2D9FE3F7-12C3-48B3-AC98-84E70C88EC3F}.Debug|iPhone.Build.0 = Debug|Any CPU
		{2D9FE3F7-12C3-48B3-AC98-84E70C88EC3F}.Debug|iPhone.Deploy.0 = Debug|Any CPU
		{2D9FE3F7-12C3-48B3-AC98-84E70C88EC3F}.Debug|iPhoneSimulator.ActiveCfg = Debug|Any CPU
		{2D9FE3F7-12C3-48B3-AC98-84E70C88EC3F}.Debug|iPhoneSimulator.Build.0 = Debug|Any CPU
		{2D9FE3F7-12C3-48B3-AC98-84E70C88EC3F}.Debug|iPhoneSimulator.Deploy.0 = Debug|Any CPU
		{2D9FE3F7-12C3-48B3-AC98-84E70C88EC3F}.Debug|x64.ActiveCfg = Debug|Any CPU
		{2D9FE3F7-12C3-48B3-AC98-84E70C88EC3F}.Debug|x64.Build.0 = Debug|Any CPU
		{2D9FE3F7-12C3-48B3-AC98-84E70C88EC3F}.Debug|x64.Deploy.0 = Debug|Any CPU
		{2D9FE3F7-12C3-48B3-AC98-84E70C88EC3F}.Debug|x86.ActiveCfg = Debug|Any CPU
		{2D9FE3F7-12C3-48B3-AC98-84E70C88EC3F}.Debug|x86.Build.0 = Debug|Any CPU
		{2D9FE3F7-12C3-48B3-AC98-84E70C88EC3F}.Debug|x86.Deploy.0 = Debug|Any CPU
		{2D9FE3F7-12C3-48B3-AC98-84E70C88EC3F}.Release|Any CPU.ActiveCfg = Release|Any CPU
		{2D9FE3F7-12C3-48B3-AC98-84E70C88EC3F}.Release|Any CPU.Build.0 = Release|Any CPU
		{2D9FE3F7-12C3-48B3-AC98-84E70C88EC3F}.Release|Any CPU.Deploy.0 = Release|Any CPU
		{2D9FE3F7-12C3-48B3-AC98-84E70C88EC3F}.Release|ARM.ActiveCfg = Release|Any CPU
		{2D9FE3F7-12C3-48B3-AC98-84E70C88EC3F}.Release|ARM.Build.0 = Release|Any CPU
		{2D9FE3F7-12C3-48B3-AC98-84E70C88EC3F}.Release|ARM.Deploy.0 = Release|Any CPU
		{2D9FE3F7-12C3-48B3-AC98-84E70C88EC3F}.Release|iPhone.ActiveCfg = Release|Any CPU
		{2D9FE3F7-12C3-48B3-AC98-84E70C88EC3F}.Release|iPhone.Build.0 = Release|Any CPU
		{2D9FE3F7-12C3-48B3-AC98-84E70C88EC3F}.Release|iPhone.Deploy.0 = Release|Any CPU
		{2D9FE3F7-12C3-48B3-AC98-84E70C88EC3F}.Release|iPhoneSimulator.ActiveCfg = Release|Any CPU
		{2D9FE3F7-12C3-48B3-AC98-84E70C88EC3F}.Release|iPhoneSimulator.Build.0 = Release|Any CPU
		{2D9FE3F7-12C3-48B3-AC98-84E70C88EC3F}.Release|iPhoneSimulator.Deploy.0 = Release|Any CPU
		{2D9FE3F7-12C3-48B3-AC98-84E70C88EC3F}.Release|x64.ActiveCfg = Release|Any CPU
		{2D9FE3F7-12C3-48B3-AC98-84E70C88EC3F}.Release|x64.Build.0 = Release|Any CPU
		{2D9FE3F7-12C3-48B3-AC98-84E70C88EC3F}.Release|x64.Deploy.0 = Release|Any CPU
		{2D9FE3F7-12C3-48B3-AC98-84E70C88EC3F}.Release|x86.ActiveCfg = Release|Any CPU
		{2D9FE3F7-12C3-48B3-AC98-84E70C88EC3F}.Release|x86.Build.0 = Release|Any CPU
		{2D9FE3F7-12C3-48B3-AC98-84E70C88EC3F}.Release|x86.Deploy.0 = Release|Any CPU
		{FBBFFF27-84A0-4158-BC72-F9627723C147}.Ad-Hoc|Any CPU.ActiveCfg = Ad-Hoc|iPhone
		{FBBFFF27-84A0-4158-BC72-F9627723C147}.Ad-Hoc|Any CPU.Build.0 = Ad-Hoc|iPhone
		{FBBFFF27-84A0-4158-BC72-F9627723C147}.Ad-Hoc|Any CPU.Deploy.0 = Ad-Hoc|iPhone
		{FBBFFF27-84A0-4158-BC72-F9627723C147}.Ad-Hoc|ARM.ActiveCfg = Ad-Hoc|iPhone
		{FBBFFF27-84A0-4158-BC72-F9627723C147}.Ad-Hoc|ARM.Build.0 = Ad-Hoc|iPhone
		{FBBFFF27-84A0-4158-BC72-F9627723C147}.Ad-Hoc|ARM.Deploy.0 = Ad-Hoc|iPhone
		{FBBFFF27-84A0-4158-BC72-F9627723C147}.Ad-Hoc|iPhone.ActiveCfg = Ad-Hoc|iPhone
		{FBBFFF27-84A0-4158-BC72-F9627723C147}.Ad-Hoc|iPhone.Build.0 = Ad-Hoc|iPhone
		{FBBFFF27-84A0-4158-BC72-F9627723C147}.Ad-Hoc|iPhone.Deploy.0 = Ad-Hoc|iPhone
		{FBBFFF27-84A0-4158-BC72-F9627723C147}.Ad-Hoc|iPhoneSimulator.ActiveCfg = Ad-Hoc|iPhoneSimulator
		{FBBFFF27-84A0-4158-BC72-F9627723C147}.Ad-Hoc|iPhoneSimulator.Build.0 = Ad-Hoc|iPhoneSimulator
		{FBBFFF27-84A0-4158-BC72-F9627723C147}.Ad-Hoc|iPhoneSimulator.Deploy.0 = Ad-Hoc|iPhoneSimulator
		{FBBFFF27-84A0-4158-BC72-F9627723C147}.Ad-Hoc|x64.ActiveCfg = Ad-Hoc|iPhone
		{FBBFFF27-84A0-4158-BC72-F9627723C147}.Ad-Hoc|x64.Build.0 = Ad-Hoc|iPhone
		{FBBFFF27-84A0-4158-BC72-F9627723C147}.Ad-Hoc|x64.Deploy.0 = Ad-Hoc|iPhone
		{FBBFFF27-84A0-4158-BC72-F9627723C147}.Ad-Hoc|x86.ActiveCfg = Ad-Hoc|iPhone
		{FBBFFF27-84A0-4158-BC72-F9627723C147}.Ad-Hoc|x86.Build.0 = Ad-Hoc|iPhone
		{FBBFFF27-84A0-4158-BC72-F9627723C147}.Ad-Hoc|x86.Deploy.0 = Ad-Hoc|iPhone
		{FBBFFF27-84A0-4158-BC72-F9627723C147}.AppStore|Any CPU.ActiveCfg = AppStore|iPhone
		{FBBFFF27-84A0-4158-BC72-F9627723C147}.AppStore|Any CPU.Build.0 = AppStore|iPhone
		{FBBFFF27-84A0-4158-BC72-F9627723C147}.AppStore|Any CPU.Deploy.0 = AppStore|iPhone
		{FBBFFF27-84A0-4158-BC72-F9627723C147}.AppStore|ARM.ActiveCfg = AppStore|iPhone
		{FBBFFF27-84A0-4158-BC72-F9627723C147}.AppStore|ARM.Build.0 = AppStore|iPhone
		{FBBFFF27-84A0-4158-BC72-F9627723C147}.AppStore|ARM.Deploy.0 = AppStore|iPhone
		{FBBFFF27-84A0-4158-BC72-F9627723C147}.AppStore|iPhone.ActiveCfg = AppStore|iPhone
		{FBBFFF27-84A0-4158-BC72-F9627723C147}.AppStore|iPhone.Build.0 = AppStore|iPhone
		{FBBFFF27-84A0-4158-BC72-F9627723C147}.AppStore|iPhone.Deploy.0 = AppStore|iPhone
		{FBBFFF27-84A0-4158-BC72-F9627723C147}.AppStore|iPhoneSimulator.ActiveCfg = AppStore|iPhoneSimulator
		{FBBFFF27-84A0-4158-BC72-F9627723C147}.AppStore|iPhoneSimulator.Build.0 = AppStore|iPhoneSimulator
		{FBBFFF27-84A0-4158-BC72-F9627723C147}.AppStore|iPhoneSimulator.Deploy.0 = AppStore|iPhoneSimulator
		{FBBFFF27-84A0-4158-BC72-F9627723C147}.AppStore|x64.ActiveCfg = AppStore|iPhone
		{FBBFFF27-84A0-4158-BC72-F9627723C147}.AppStore|x64.Build.0 = AppStore|iPhone
		{FBBFFF27-84A0-4158-BC72-F9627723C147}.AppStore|x64.Deploy.0 = AppStore|iPhone
		{FBBFFF27-84A0-4158-BC72-F9627723C147}.AppStore|x86.ActiveCfg = AppStore|iPhone
		{FBBFFF27-84A0-4158-BC72-F9627723C147}.AppStore|x86.Build.0 = AppStore|iPhone
		{FBBFFF27-84A0-4158-BC72-F9627723C147}.AppStore|x86.Deploy.0 = AppStore|iPhone
		{FBBFFF27-84A0-4158-BC72-F9627723C147}.Debug|Any CPU.ActiveCfg = Debug|iPhoneSimulator
		{FBBFFF27-84A0-4158-BC72-F9627723C147}.Debug|Any CPU.Build.0 = Debug|iPhoneSimulator
		{FBBFFF27-84A0-4158-BC72-F9627723C147}.Debug|Any CPU.Deploy.0 = Debug|iPhoneSimulator
		{FBBFFF27-84A0-4158-BC72-F9627723C147}.Debug|ARM.ActiveCfg = Debug|iPhone
		{FBBFFF27-84A0-4158-BC72-F9627723C147}.Debug|ARM.Build.0 = Debug|iPhone
		{FBBFFF27-84A0-4158-BC72-F9627723C147}.Debug|ARM.Deploy.0 = Debug|iPhone
		{FBBFFF27-84A0-4158-BC72-F9627723C147}.Debug|iPhone.ActiveCfg = Debug|iPhone
		{FBBFFF27-84A0-4158-BC72-F9627723C147}.Debug|iPhone.Build.0 = Debug|iPhone
		{FBBFFF27-84A0-4158-BC72-F9627723C147}.Debug|iPhone.Deploy.0 = Debug|iPhone
		{FBBFFF27-84A0-4158-BC72-F9627723C147}.Debug|iPhoneSimulator.ActiveCfg = Debug|iPhoneSimulator
		{FBBFFF27-84A0-4158-BC72-F9627723C147}.Debug|iPhoneSimulator.Build.0 = Debug|iPhoneSimulator
		{FBBFFF27-84A0-4158-BC72-F9627723C147}.Debug|iPhoneSimulator.Deploy.0 = Debug|iPhoneSimulator
		{FBBFFF27-84A0-4158-BC72-F9627723C147}.Debug|x64.ActiveCfg = Debug|iPhone
		{FBBFFF27-84A0-4158-BC72-F9627723C147}.Debug|x64.Build.0 = Debug|iPhone
		{FBBFFF27-84A0-4158-BC72-F9627723C147}.Debug|x64.Deploy.0 = Debug|iPhone
		{FBBFFF27-84A0-4158-BC72-F9627723C147}.Debug|x86.ActiveCfg = Debug|iPhone
		{FBBFFF27-84A0-4158-BC72-F9627723C147}.Debug|x86.Build.0 = Debug|iPhone
		{FBBFFF27-84A0-4158-BC72-F9627723C147}.Debug|x86.Deploy.0 = Debug|iPhone
		{FBBFFF27-84A0-4158-BC72-F9627723C147}.Release|Any CPU.ActiveCfg = Release|iPhone
		{FBBFFF27-84A0-4158-BC72-F9627723C147}.Release|Any CPU.Build.0 = Release|iPhone
		{FBBFFF27-84A0-4158-BC72-F9627723C147}.Release|Any CPU.Deploy.0 = Release|iPhone
		{FBBFFF27-84A0-4158-BC72-F9627723C147}.Release|ARM.ActiveCfg = Release|iPhone
		{FBBFFF27-84A0-4158-BC72-F9627723C147}.Release|ARM.Build.0 = Release|iPhone
		{FBBFFF27-84A0-4158-BC72-F9627723C147}.Release|ARM.Deploy.0 = Release|iPhone
		{FBBFFF27-84A0-4158-BC72-F9627723C147}.Release|iPhone.ActiveCfg = Release|iPhone
		{FBBFFF27-84A0-4158-BC72-F9627723C147}.Release|iPhone.Build.0 = Release|iPhone
		{FBBFFF27-84A0-4158-BC72-F9627723C147}.Release|iPhone.Deploy.0 = Release|iPhone
		{FBBFFF27-84A0-4158-BC72-F9627723C147}.Release|iPhoneSimulator.ActiveCfg = Release|iPhoneSimulator
		{FBBFFF27-84A0-4158-BC72-F9627723C147}.Release|iPhoneSimulator.Build.0 = Release|iPhoneSimulator
		{FBBFFF27-84A0-4158-BC72-F9627723C147}.Release|iPhoneSimulator.Deploy.0 = Release|iPhoneSimulator
		{FBBFFF27-84A0-4158-BC72-F9627723C147}.Release|x64.ActiveCfg = Release|iPhone
		{FBBFFF27-84A0-4158-BC72-F9627723C147}.Release|x64.Build.0 = Release|iPhone
		{FBBFFF27-84A0-4158-BC72-F9627723C147}.Release|x64.Deploy.0 = Release|iPhone
		{FBBFFF27-84A0-4158-BC72-F9627723C147}.Release|x86.ActiveCfg = Release|iPhone
		{FBBFFF27-84A0-4158-BC72-F9627723C147}.Release|x86.Build.0 = Release|iPhone
		{FBBFFF27-84A0-4158-BC72-F9627723C147}.Release|x86.Deploy.0 = Release|iPhone
		{04E2207F-4803-4533-87A5-ECF1EB3F5174}.Ad-Hoc|Any CPU.ActiveCfg = Release|x86
		{04E2207F-4803-4533-87A5-ECF1EB3F5174}.Ad-Hoc|Any CPU.Build.0 = Release|x86
		{04E2207F-4803-4533-87A5-ECF1EB3F5174}.Ad-Hoc|Any CPU.Deploy.0 = Release|x86
		{04E2207F-4803-4533-87A5-ECF1EB3F5174}.Ad-Hoc|ARM.ActiveCfg = Release|ARM
		{04E2207F-4803-4533-87A5-ECF1EB3F5174}.Ad-Hoc|ARM.Build.0 = Release|ARM
		{04E2207F-4803-4533-87A5-ECF1EB3F5174}.Ad-Hoc|ARM.Deploy.0 = Release|ARM
		{04E2207F-4803-4533-87A5-ECF1EB3F5174}.Ad-Hoc|iPhone.ActiveCfg = Release|x86
		{04E2207F-4803-4533-87A5-ECF1EB3F5174}.Ad-Hoc|iPhone.Build.0 = Release|x86
		{04E2207F-4803-4533-87A5-ECF1EB3F5174}.Ad-Hoc|iPhone.Deploy.0 = Release|x86
		{04E2207F-4803-4533-87A5-ECF1EB3F5174}.Ad-Hoc|iPhoneSimulator.ActiveCfg = Release|x86
		{04E2207F-4803-4533-87A5-ECF1EB3F5174}.Ad-Hoc|iPhoneSimulator.Build.0 = Release|x86
		{04E2207F-4803-4533-87A5-ECF1EB3F5174}.Ad-Hoc|iPhoneSimulator.Deploy.0 = Release|x86
		{04E2207F-4803-4533-87A5-ECF1EB3F5174}.Ad-Hoc|x64.ActiveCfg = Release|x64
		{04E2207F-4803-4533-87A5-ECF1EB3F5174}.Ad-Hoc|x64.Build.0 = Release|x64
		{04E2207F-4803-4533-87A5-ECF1EB3F5174}.Ad-Hoc|x64.Deploy.0 = Release|x64
		{04E2207F-4803-4533-87A5-ECF1EB3F5174}.Ad-Hoc|x86.ActiveCfg = Release|x86
		{04E2207F-4803-4533-87A5-ECF1EB3F5174}.Ad-Hoc|x86.Build.0 = Release|x86
		{04E2207F-4803-4533-87A5-ECF1EB3F5174}.Ad-Hoc|x86.Deploy.0 = Release|x86
		{04E2207F-4803-4533-87A5-ECF1EB3F5174}.AppStore|Any CPU.ActiveCfg = Release|x86
		{04E2207F-4803-4533-87A5-ECF1EB3F5174}.AppStore|Any CPU.Build.0 = Release|x86
		{04E2207F-4803-4533-87A5-ECF1EB3F5174}.AppStore|Any CPU.Deploy.0 = Release|x86
		{04E2207F-4803-4533-87A5-ECF1EB3F5174}.AppStore|ARM.ActiveCfg = Release|ARM
		{04E2207F-4803-4533-87A5-ECF1EB3F5174}.AppStore|ARM.Build.0 = Release|ARM
		{04E2207F-4803-4533-87A5-ECF1EB3F5174}.AppStore|ARM.Deploy.0 = Release|ARM
		{04E2207F-4803-4533-87A5-ECF1EB3F5174}.AppStore|iPhone.ActiveCfg = Release|x86
		{04E2207F-4803-4533-87A5-ECF1EB3F5174}.AppStore|iPhone.Build.0 = Release|x86
		{04E2207F-4803-4533-87A5-ECF1EB3F5174}.AppStore|iPhone.Deploy.0 = Release|x86
		{04E2207F-4803-4533-87A5-ECF1EB3F5174}.AppStore|iPhoneSimulator.ActiveCfg = Release|x86
		{04E2207F-4803-4533-87A5-ECF1EB3F5174}.AppStore|iPhoneSimulator.Build.0 = Release|x86
		{04E2207F-4803-4533-87A5-ECF1EB3F5174}.AppStore|iPhoneSimulator.Deploy.0 = Release|x86
		{04E2207F-4803-4533-87A5-ECF1EB3F5174}.AppStore|x64.ActiveCfg = Release|x64
		{04E2207F-4803-4533-87A5-ECF1EB3F5174}.AppStore|x64.Build.0 = Release|x64
		{04E2207F-4803-4533-87A5-ECF1EB3F5174}.AppStore|x64.Deploy.0 = Release|x64
		{04E2207F-4803-4533-87A5-ECF1EB3F5174}.AppStore|x86.ActiveCfg = Release|x86
		{04E2207F-4803-4533-87A5-ECF1EB3F5174}.AppStore|x86.Build.0 = Release|x86
		{04E2207F-4803-4533-87A5-ECF1EB3F5174}.AppStore|x86.Deploy.0 = Release|x86
		{04E2207F-4803-4533-87A5-ECF1EB3F5174}.Debug|Any CPU.ActiveCfg = Debug|x86
		{04E2207F-4803-4533-87A5-ECF1EB3F5174}.Debug|Any CPU.Build.0 = Debug|x86
		{04E2207F-4803-4533-87A5-ECF1EB3F5174}.Debug|Any CPU.Deploy.0 = Debug|x86
		{04E2207F-4803-4533-87A5-ECF1EB3F5174}.Debug|ARM.ActiveCfg = Debug|ARM
		{04E2207F-4803-4533-87A5-ECF1EB3F5174}.Debug|ARM.Build.0 = Debug|ARM
		{04E2207F-4803-4533-87A5-ECF1EB3F5174}.Debug|ARM.Deploy.0 = Debug|ARM
		{04E2207F-4803-4533-87A5-ECF1EB3F5174}.Debug|iPhone.ActiveCfg = Debug|x86
		{04E2207F-4803-4533-87A5-ECF1EB3F5174}.Debug|iPhone.Build.0 = Debug|x86
		{04E2207F-4803-4533-87A5-ECF1EB3F5174}.Debug|iPhone.Deploy.0 = Debug|x86
		{04E2207F-4803-4533-87A5-ECF1EB3F5174}.Debug|iPhoneSimulator.ActiveCfg = Debug|x86
		{04E2207F-4803-4533-87A5-ECF1EB3F5174}.Debug|iPhoneSimulator.Build.0 = Debug|x86
		{04E2207F-4803-4533-87A5-ECF1EB3F5174}.Debug|iPhoneSimulator.Deploy.0 = Debug|x86
		{04E2207F-4803-4533-87A5-ECF1EB3F5174}.Debug|x64.ActiveCfg = Debug|x64
		{04E2207F-4803-4533-87A5-ECF1EB3F5174}.Debug|x64.Build.0 = Debug|x64
		{04E2207F-4803-4533-87A5-ECF1EB3F5174}.Debug|x64.Deploy.0 = Debug|x64
		{04E2207F-4803-4533-87A5-ECF1EB3F5174}.Debug|x86.ActiveCfg = Debug|x86
		{04E2207F-4803-4533-87A5-ECF1EB3F5174}.Debug|x86.Build.0 = Debug|x86
		{04E2207F-4803-4533-87A5-ECF1EB3F5174}.Debug|x86.Deploy.0 = Debug|x86
		{04E2207F-4803-4533-87A5-ECF1EB3F5174}.Release|Any CPU.ActiveCfg = Release|x86
		{04E2207F-4803-4533-87A5-ECF1EB3F5174}.Release|Any CPU.Build.0 = Release|x86
		{04E2207F-4803-4533-87A5-ECF1EB3F5174}.Release|Any CPU.Deploy.0 = Release|x86
		{04E2207F-4803-4533-87A5-ECF1EB3F5174}.Release|ARM.ActiveCfg = Release|ARM
		{04E2207F-4803-4533-87A5-ECF1EB3F5174}.Release|ARM.Build.0 = Release|ARM
		{04E2207F-4803-4533-87A5-ECF1EB3F5174}.Release|ARM.Deploy.0 = Release|ARM
		{04E2207F-4803-4533-87A5-ECF1EB3F5174}.Release|iPhone.ActiveCfg = Release|x86
		{04E2207F-4803-4533-87A5-ECF1EB3F5174}.Release|iPhone.Build.0 = Release|x86
		{04E2207F-4803-4533-87A5-ECF1EB3F5174}.Release|iPhone.Deploy.0 = Release|x86
		{04E2207F-4803-4533-87A5-ECF1EB3F5174}.Release|iPhoneSimulator.ActiveCfg = Release|x86
		{04E2207F-4803-4533-87A5-ECF1EB3F5174}.Release|iPhoneSimulator.Build.0 = Release|x86
		{04E2207F-4803-4533-87A5-ECF1EB3F5174}.Release|iPhoneSimulator.Deploy.0 = Release|x86
		{04E2207F-4803-4533-87A5-ECF1EB3F5174}.Release|x64.ActiveCfg = Release|x64
		{04E2207F-4803-4533-87A5-ECF1EB3F5174}.Release|x64.Build.0 = Release|x64
		{04E2207F-4803-4533-87A5-ECF1EB3F5174}.Release|x64.Deploy.0 = Release|x64
		{04E2207F-4803-4533-87A5-ECF1EB3F5174}.Release|x86.ActiveCfg = Release|x86
		{04E2207F-4803-4533-87A5-ECF1EB3F5174}.Release|x86.Build.0 = Release|x86
		{04E2207F-4803-4533-87A5-ECF1EB3F5174}.Release|x86.Deploy.0 = Release|x86
		{63F8C455-6CF2-4B56-8CE9-598B6C8A068A}.Ad-Hoc|Any CPU.ActiveCfg = Debug|Any CPU
		{63F8C455-6CF2-4B56-8CE9-598B6C8A068A}.Ad-Hoc|Any CPU.Build.0 = Debug|Any CPU
		{63F8C455-6CF2-4B56-8CE9-598B6C8A068A}.Ad-Hoc|Any CPU.Deploy.0 = Debug|Any CPU
		{63F8C455-6CF2-4B56-8CE9-598B6C8A068A}.Ad-Hoc|ARM.ActiveCfg = Debug|Any CPU
		{63F8C455-6CF2-4B56-8CE9-598B6C8A068A}.Ad-Hoc|ARM.Build.0 = Debug|Any CPU
		{63F8C455-6CF2-4B56-8CE9-598B6C8A068A}.Ad-Hoc|ARM.Deploy.0 = Debug|Any CPU
		{63F8C455-6CF2-4B56-8CE9-598B6C8A068A}.Ad-Hoc|iPhone.ActiveCfg = Debug|Any CPU
		{63F8C455-6CF2-4B56-8CE9-598B6C8A068A}.Ad-Hoc|iPhone.Build.0 = Debug|Any CPU
		{63F8C455-6CF2-4B56-8CE9-598B6C8A068A}.Ad-Hoc|iPhone.Deploy.0 = Debug|Any CPU
		{63F8C455-6CF2-4B56-8CE9-598B6C8A068A}.Ad-Hoc|iPhoneSimulator.ActiveCfg = Debug|Any CPU
		{63F8C455-6CF2-4B56-8CE9-598B6C8A068A}.Ad-Hoc|iPhoneSimulator.Build.0 = Debug|Any CPU
		{63F8C455-6CF2-4B56-8CE9-598B6C8A068A}.Ad-Hoc|iPhoneSimulator.Deploy.0 = Debug|Any CPU
		{63F8C455-6CF2-4B56-8CE9-598B6C8A068A}.Ad-Hoc|x64.ActiveCfg = Debug|Any CPU
		{63F8C455-6CF2-4B56-8CE9-598B6C8A068A}.Ad-Hoc|x64.Build.0 = Debug|Any CPU
		{63F8C455-6CF2-4B56-8CE9-598B6C8A068A}.Ad-Hoc|x64.Deploy.0 = Debug|Any CPU
		{63F8C455-6CF2-4B56-8CE9-598B6C8A068A}.Ad-Hoc|x86.ActiveCfg = Debug|Any CPU
		{63F8C455-6CF2-4B56-8CE9-598B6C8A068A}.Ad-Hoc|x86.Build.0 = Debug|Any CPU
		{63F8C455-6CF2-4B56-8CE9-598B6C8A068A}.Ad-Hoc|x86.Deploy.0 = Debug|Any CPU
		{63F8C455-6CF2-4B56-8CE9-598B6C8A068A}.AppStore|Any CPU.ActiveCfg = Debug|Any CPU
		{63F8C455-6CF2-4B56-8CE9-598B6C8A068A}.AppStore|Any CPU.Build.0 = Debug|Any CPU
		{63F8C455-6CF2-4B56-8CE9-598B6C8A068A}.AppStore|Any CPU.Deploy.0 = Debug|Any CPU
		{63F8C455-6CF2-4B56-8CE9-598B6C8A068A}.AppStore|ARM.ActiveCfg = Debug|Any CPU
		{63F8C455-6CF2-4B56-8CE9-598B6C8A068A}.AppStore|ARM.Build.0 = Debug|Any CPU
		{63F8C455-6CF2-4B56-8CE9-598B6C8A068A}.AppStore|ARM.Deploy.0 = Debug|Any CPU
		{63F8C455-6CF2-4B56-8CE9-598B6C8A068A}.AppStore|iPhone.ActiveCfg = Debug|Any CPU
		{63F8C455-6CF2-4B56-8CE9-598B6C8A068A}.AppStore|iPhone.Build.0 = Debug|Any CPU
		{63F8C455-6CF2-4B56-8CE9-598B6C8A068A}.AppStore|iPhone.Deploy.0 = Debug|Any CPU
		{63F8C455-6CF2-4B56-8CE9-598B6C8A068A}.AppStore|iPhoneSimulator.ActiveCfg = Debug|Any CPU
		{63F8C455-6CF2-4B56-8CE9-598B6C8A068A}.AppStore|iPhoneSimulator.Build.0 = Debug|Any CPU
		{63F8C455-6CF2-4B56-8CE9-598B6C8A068A}.AppStore|iPhoneSimulator.Deploy.0 = Debug|Any CPU
		{63F8C455-6CF2-4B56-8CE9-598B6C8A068A}.AppStore|x64.ActiveCfg = Debug|Any CPU
		{63F8C455-6CF2-4B56-8CE9-598B6C8A068A}.AppStore|x64.Build.0 = Debug|Any CPU
		{63F8C455-6CF2-4B56-8CE9-598B6C8A068A}.AppStore|x64.Deploy.0 = Debug|Any CPU
		{63F8C455-6CF2-4B56-8CE9-598B6C8A068A}.AppStore|x86.ActiveCfg = Debug|Any CPU
		{63F8C455-6CF2-4B56-8CE9-598B6C8A068A}.AppStore|x86.Build.0 = Debug|Any CPU
		{63F8C455-6CF2-4B56-8CE9-598B6C8A068A}.AppStore|x86.Deploy.0 = Debug|Any CPU
		{63F8C455-6CF2-4B56-8CE9-598B6C8A068A}.Debug|Any CPU.ActiveCfg = Debug|Any CPU
		{63F8C455-6CF2-4B56-8CE9-598B6C8A068A}.Debug|Any CPU.Build.0 = Debug|Any CPU
		{63F8C455-6CF2-4B56-8CE9-598B6C8A068A}.Debug|Any CPU.Deploy.0 = Debug|Any CPU
		{63F8C455-6CF2-4B56-8CE9-598B6C8A068A}.Debug|ARM.ActiveCfg = Debug|Any CPU
		{63F8C455-6CF2-4B56-8CE9-598B6C8A068A}.Debug|ARM.Build.0 = Debug|Any CPU
		{63F8C455-6CF2-4B56-8CE9-598B6C8A068A}.Debug|ARM.Deploy.0 = Debug|Any CPU
		{63F8C455-6CF2-4B56-8CE9-598B6C8A068A}.Debug|iPhone.ActiveCfg = Debug|Any CPU
		{63F8C455-6CF2-4B56-8CE9-598B6C8A068A}.Debug|iPhone.Build.0 = Debug|Any CPU
		{63F8C455-6CF2-4B56-8CE9-598B6C8A068A}.Debug|iPhone.Deploy.0 = Debug|Any CPU
		{63F8C455-6CF2-4B56-8CE9-598B6C8A068A}.Debug|iPhoneSimulator.ActiveCfg = Debug|Any CPU
		{63F8C455-6CF2-4B56-8CE9-598B6C8A068A}.Debug|iPhoneSimulator.Build.0 = Debug|Any CPU
		{63F8C455-6CF2-4B56-8CE9-598B6C8A068A}.Debug|iPhoneSimulator.Deploy.0 = Debug|Any CPU
		{63F8C455-6CF2-4B56-8CE9-598B6C8A068A}.Debug|x64.ActiveCfg = Debug|Any CPU
		{63F8C455-6CF2-4B56-8CE9-598B6C8A068A}.Debug|x64.Build.0 = Debug|Any CPU
		{63F8C455-6CF2-4B56-8CE9-598B6C8A068A}.Debug|x64.Deploy.0 = Debug|Any CPU
		{63F8C455-6CF2-4B56-8CE9-598B6C8A068A}.Debug|x86.ActiveCfg = Debug|Any CPU
		{63F8C455-6CF2-4B56-8CE9-598B6C8A068A}.Debug|x86.Build.0 = Debug|Any CPU
		{63F8C455-6CF2-4B56-8CE9-598B6C8A068A}.Debug|x86.Deploy.0 = Debug|Any CPU
		{63F8C455-6CF2-4B56-8CE9-598B6C8A068A}.Release|Any CPU.ActiveCfg = Release|Any CPU
		{63F8C455-6CF2-4B56-8CE9-598B6C8A068A}.Release|Any CPU.Build.0 = Release|Any CPU
		{63F8C455-6CF2-4B56-8CE9-598B6C8A068A}.Release|Any CPU.Deploy.0 = Release|Any CPU
		{63F8C455-6CF2-4B56-8CE9-598B6C8A068A}.Release|ARM.ActiveCfg = Release|Any CPU
		{63F8C455-6CF2-4B56-8CE9-598B6C8A068A}.Release|ARM.Build.0 = Release|Any CPU
		{63F8C455-6CF2-4B56-8CE9-598B6C8A068A}.Release|ARM.Deploy.0 = Release|Any CPU
		{63F8C455-6CF2-4B56-8CE9-598B6C8A068A}.Release|iPhone.ActiveCfg = Release|Any CPU
		{63F8C455-6CF2-4B56-8CE9-598B6C8A068A}.Release|iPhone.Build.0 = Release|Any CPU
		{63F8C455-6CF2-4B56-8CE9-598B6C8A068A}.Release|iPhone.Deploy.0 = Release|Any CPU
		{63F8C455-6CF2-4B56-8CE9-598B6C8A068A}.Release|iPhoneSimulator.ActiveCfg = Release|Any CPU
		{63F8C455-6CF2-4B56-8CE9-598B6C8A068A}.Release|iPhoneSimulator.Build.0 = Release|Any CPU
		{63F8C455-6CF2-4B56-8CE9-598B6C8A068A}.Release|iPhoneSimulator.Deploy.0 = Release|Any CPU
		{63F8C455-6CF2-4B56-8CE9-598B6C8A068A}.Release|x64.ActiveCfg = Release|Any CPU
		{63F8C455-6CF2-4B56-8CE9-598B6C8A068A}.Release|x64.Build.0 = Release|Any CPU
		{63F8C455-6CF2-4B56-8CE9-598B6C8A068A}.Release|x64.Deploy.0 = Release|Any CPU
		{63F8C455-6CF2-4B56-8CE9-598B6C8A068A}.Release|x86.ActiveCfg = Release|Any CPU
		{63F8C455-6CF2-4B56-8CE9-598B6C8A068A}.Release|x86.Build.0 = Release|Any CPU
		{63F8C455-6CF2-4B56-8CE9-598B6C8A068A}.Release|x86.Deploy.0 = Release|Any CPU
	EndGlobalSection
	GlobalSection(SolutionProperties) = preSolution
		HideSolutionNode = FALSE
	EndGlobalSection
	GlobalSection(ExtensibilityGlobals) = postSolution
		SolutionGuid = {23F4FD37-A44D-422E-8933-A772C32A06AD}
	EndGlobalSection
EndGlobal
